
Microsoft Visual Studio Solution File, Format Version 12.00
# Visual Studio Version 17
VisualStudioVersion = 17.0.31903.59
MinimumVisualStudioVersion = 10.0.40219.1
Project("{9A19103F-16F7-4668-BE54-9A1E7A4F7556}") = "ToDoApiGraphQl", "ToDoApiGraphQl\ToDoApiGraphQl.csproj", "{CE66785B-D518-432E-B4DB-5FEAD2D65A2C}"
EndProject
Global
	GlobalSection(SolutionConfigurationPlatforms) = preSolution
		Debug|Any CPU = Debug|Any CPU
		Release|Any CPU = Release|Any CPU
	EndGlobalSection
	GlobalSection(ProjectConfigurationPlatforms) = postSolution
		{CE66785B-D518-432E-B4DB-5FEAD2D65A2C}.Debug|Any CPU.ActiveCfg = Debug|Any CPU
		{CE66785B-D518-432E-B4DB-5FEAD2D65A2C}.Debug|Any CPU.Build.0 = Debug|Any CPU
		{CE66785B-D518-432E-B4DB-5FEAD2D65A2C}.Release|Any CPU.ActiveCfg = Release|Any CPU
		{CE66785B-D518-432E-B4DB-5FEAD2D65A2C}.Release|Any CPU.Build.0 = Release|Any CPU
	EndGlobalSection
	GlobalSection(SolutionProperties) = preSolution
		HideSolutionNode = FALSE
	EndGlobalSection
	GlobalSection(ExtensibilityGlobals) = postSolution
		SolutionGuid = {5AEB175A-6D2A-4C40-AF2F-DC9D24B48BBE}
	EndGlobalSection
EndGlobal
